// !$*UTF8*$!
{
	archiveVersion = 1;
	classes = {
	};
	objectVersion = 50;
	objects = {

/* Begin PBXBuildFile section */
		09EBCB1025861623008C2AEC /* SwiftForBeginnersApp.swift in Sources */ = {isa = PBXBuildFile; fileRef = 09EBCB0F25861623008C2AEC /* SwiftForBeginnersApp.swift */; };
		09EBCB1225861623008C2AEC /* ContentView.swift in Sources */ = {isa = PBXBuildFile; fileRef = 09EBCB1125861623008C2AEC /* ContentView.swift */; };
		09EBCB1425861627008C2AEC /* Assets.xcassets in Resources */ = {isa = PBXBuildFile; fileRef = 09EBCB1325861627008C2AEC /* Assets.xcassets */; };
		09EBCB1725861627008C2AEC /* Preview Assets.xcassets in Resources */ = {isa = PBXBuildFile; fileRef = 09EBCB1625861627008C2AEC /* Preview Assets.xcassets */; };
/* End PBXBuildFile section */

/* Begin PBXFileReference section */
		090406CD25D587010089DB3A /* 1_ProtocolInheritance.playground */ = {isa = PBXFileReference; lastKnownFileType = file.playground; path = 1_ProtocolInheritance.playground; sourceTree = "<group>"; xcLanguageSpecificationIdentifier = xcode.lang.swift; };
		090505E5258FEE6300DA6F8E /* 2_ModellingErrors.playground */ = {isa = PBXFileReference; lastKnownFileType = file.playground; path = 2_ModellingErrors.playground; sourceTree = "<group>"; xcLanguageSpecificationIdentifier = xcode.lang.swift; };
		090505E72590ABEA00DA6F8E /* 3_ThrowingErrors.playground */ = {isa = PBXFileReference; lastKnownFileType = file.playground; path = 3_ThrowingErrors.playground; sourceTree = "<group>"; xcLanguageSpecificationIdentifier = xcode.lang.swift; };
		090505E92590F83400DA6F8E /* 4_HandlingErrors.playground */ = {isa = PBXFileReference; lastKnownFileType = file.playground; path = 4_HandlingErrors.playground; sourceTree = "<group>"; xcLanguageSpecificationIdentifier = xcode.lang.swift; };
		090505EB259107A600DA6F8E /* 5_CleaningUpWithDefer.playground */ = {isa = PBXFileReference; lastKnownFileType = file.playground; path = 5_CleaningUpWithDefer.playground; sourceTree = "<group>"; xcLanguageSpecificationIdentifier = xcode.lang.swift; };
		090643FC2601F68B00EE4E82 /* 2_BuildingATower.playground */ = {isa = PBXFileReference; lastKnownFileType = file.playground; path = 2_BuildingATower.playground; sourceTree = "<group>"; xcLanguageSpecificationIdentifier = xcode.lang.swift; };
		090643FE2601FD7100EE4E82 /* 3_HelperMethods.playground */ = {isa = PBXFileReference; lastKnownFileType = file.playground; path = 3_HelperMethods.playground; sourceTree = "<group>"; xcLanguageSpecificationIdentifier = xcode.lang.swift; };
		090644002602127400EE4E82 /* 4_HighLevelOverview.playground */ = {isa = PBXFileReference; lastKnownFileType = file.playground; path = 4_HighLevelOverview.playground; sourceTree = "<group>"; xcLanguageSpecificationIdentifier = xcode.lang.swift; };
		09064403260217D700EE4E82 /* 1_Inheritance.playground */ = {isa = PBXFileReference; lastKnownFileType = file.playground; path = 1_Inheritance.playground; sourceTree = "<group>"; xcLanguageSpecificationIdentifier = xcode.lang.swift; };
		0913620425D51C3200D91F9A /* 1_WhatIsAProtocol.playground */ = {isa = PBXFileReference; lastKnownFileType = file.playground; path = 1_WhatIsAProtocol.playground; sourceTree = "<group>"; xcLanguageSpecificationIdentifier = xcode.lang.swift; };
		0934D677258D5A8A00302C9C /* 2_InitializingWithRawValues.playground */ = {isa = PBXFileReference; lastKnownFileType = file.playground; path = 2_InitializingWithRawValues.playground; sourceTree = "<group>"; xcLanguageSpecificationIdentifier = xcode.lang.swift; };
		0934D67B258E002300302C9C /* 3_OptionalChaining.playground */ = {isa = PBXFileReference; lastKnownFileType = file.playground; path = 3_OptionalChaining.playground; sourceTree = "<group>"; xcLanguageSpecificationIdentifier = xcode.lang.swift; };
		0934D67D258E2CEE00302C9C /* 4_PatternMatchingWithEnums.playground */ = {isa = PBXFileReference; lastKnownFileType = file.playground; path = 4_PatternMatchingWithEnums.playground; sourceTree = "<group>"; xcLanguageSpecificationIdentifier = xcode.lang.swift; };
		0934D67F258E369D00302C9C /* 5_NilCoalescingOperator.playground */ = {isa = PBXFileReference; lastKnownFileType = file.playground; path = 5_NilCoalescingOperator.playground; sourceTree = "<group>"; xcLanguageSpecificationIdentifier = xcode.lang.swift; };
		0934D683258F6C4700302C9C /* 1_ErrorHandling.playground */ = {isa = PBXFileReference; lastKnownFileType = file.playground; path = 1_ErrorHandling.playground; sourceTree = "<group>"; xcLanguageSpecificationIdentifier = xcode.lang.swift; };
		0945E23C25A7A24200127166 /* 1_Strings.playground */ = {isa = PBXFileReference; lastKnownFileType = file.playground; path = 1_Strings.playground; sourceTree = "<group>"; xcLanguageSpecificationIdentifier = xcode.lang.swift; };
		0945E23F25A7A86F00127166 /* 2_NumbersAndBooleans.playground */ = {isa = PBXFileReference; lastKnownFileType = file.playground; path = 2_NumbersAndBooleans.playground; sourceTree = "<group>"; xcLanguageSpecificationIdentifier = xcode.lang.swift; };
		0945E24125A7AD0700127166 /* 3_TypeSafetyAndTypeInference.playground */ = {isa = PBXFileReference; lastKnownFileType = file.playground; path = 3_TypeSafetyAndTypeInference.playground; sourceTree = "<group>"; xcLanguageSpecificationIdentifier = xcode.lang.swift; };
		0945E24425A7AEE200127166 /* 1_ArithmeticOperators.playground */ = {isa = PBXFileReference; lastKnownFileType = file.playground; path = 1_ArithmeticOperators.playground; sourceTree = "<group>"; xcLanguageSpecificationIdentifier = xcode.lang.swift; };
		0945E24625A7B1CA00127166 /* 2_AssignmentAndComparison.playground */ = {isa = PBXFileReference; lastKnownFileType = file.playground; path = 2_AssignmentAndComparison.playground; sourceTree = "<group>"; xcLanguageSpecificationIdentifier = xcode.lang.swift; };
		0945E24825A7B3B200127166 /* 3_OperatorPrecedence.playground */ = {isa = PBXFileReference; lastKnownFileType = file.playground; path = 3_OperatorPrecedence.playground; sourceTree = "<group>"; xcLanguageSpecificationIdentifier = xcode.lang.swift; };
		0945E24B25A7B5F700127166 /* 4_UnaryOperators.playground */ = {isa = PBXFileReference; lastKnownFileType = file.playground; path = 4_UnaryOperators.playground; sourceTree = "<group>"; xcLanguageSpecificationIdentifier = xcode.lang.swift; };
		095CE151258AA98000F9DC22 /* 5_EarlyExitsUsingGuard.playground */ = {isa = PBXFileReference; lastKnownFileType = file.playground; path = 5_EarlyExitsUsingGuard.playground; sourceTree = "<group>"; xcLanguageSpecificationIdentifier = xcode.lang.swift; };
		095CE15B258BD6FD00F9DC22 /* 1_EnumerationsWithRawValues.playground */ = {isa = PBXFileReference; lastKnownFileType = file.playground; path = 1_EnumerationsWithRawValues.playground; sourceTree = "<group>"; xcLanguageSpecificationIdentifier = xcode.lang.swift; };
		096712A125FFD7A200E576E0 /* 1_IntroductionToStructs.playground */ = {isa = PBXFileReference; lastKnownFileType = file.playground; path = 1_IntroductionToStructs.playground; sourceTree = "<group>"; xcLanguageSpecificationIdentifier = xcode.lang.swift; };
		098128F626034585006D68C4 /* 2_OverridingProperties.playground */ = {isa = PBXFileReference; lastKnownFileType = file.playground; path = 2_OverridingProperties.playground; sourceTree = "<group>"; xcLanguageSpecificationIdentifier = xcode.lang.swift; };
		098128F826036238006D68C4 /* 3_OverridingMethods.playground */ = {isa = PBXFileReference; lastKnownFileType = file.playground; path = 3_OverridingMethods.playground; sourceTree = "<group>"; xcLanguageSpecificationIdentifier = xcode.lang.swift; };
		098128FB26036D76006D68C4 /* 1_StructsVersusClasses.playground */ = {isa = PBXFileReference; lastKnownFileType = file.playground; path = 1_StructsVersusClasses.playground; sourceTree = "<group>"; xcLanguageSpecificationIdentifier = xcode.lang.swift; };
		098A83E225864390005CA46F /* 4_AssociatedEnums.playground */ = {isa = PBXFileReference; lastKnownFileType = file.playground; path = 4_AssociatedEnums.playground; sourceTree = "<group>"; xcLanguageSpecificationIdentifier = xcode.lang.swift; };
		098A83E5258646DF005CA46F /* 5_MethodsOnEnumerations.playground */ = {isa = PBXFileReference; lastKnownFileType = file.playground; path = 5_MethodsOnEnumerations.playground; sourceTree = "<group>"; xcLanguageSpecificationIdentifier = xcode.lang.swift; };
		098A83ED258652C3005CA46F /* 1_TheAbsenceOfData.playground */ = {isa = PBXFileReference; lastKnownFileType = file.playground; path = 1_TheAbsenceOfData.playground; sourceTree = "<group>"; xcLanguageSpecificationIdentifier = xcode.lang.swift; };
		098A83EF2587FDB0005CA46F /* 2_WorkingWithOptionalTypes.playground */ = {isa = PBXFileReference; lastKnownFileType = file.playground; path = 2_WorkingWithOptionalTypes.playground; sourceTree = "<group>"; xcLanguageSpecificationIdentifier = xcode.lang.swift; };
		099BAB7325FE0B8C00937AE6 /* 2_AddingItemsToArrays.playground */ = {isa = PBXFileReference; lastKnownFileType = file.playground; path = 2_AddingItemsToArrays.playground; sourceTree = "<group>"; xcLanguageSpecificationIdentifier = xcode.lang.swift; };
		099BAB7525FE0F4500937AE6 /* 3_ReadingAndModifyingAnArray.playground */ = {isa = PBXFileReference; lastKnownFileType = file.playground; path = 3_ReadingAndModifyingAnArray.playground; sourceTree = "<group>"; xcLanguageSpecificationIdentifier = xcode.lang.swift; };
		099BAB7725FE111800937AE6 /* 4_InsertingAndDeletingValues.playground */ = {isa = PBXFileReference; lastKnownFileType = file.playground; path = 4_InsertingAndDeletingValues.playground; sourceTree = "<group>"; xcLanguageSpecificationIdentifier = xcode.lang.swift; };
		099BAB7A25FE1AB500937AE6 /* 1_DictionariesInSwift.playground */ = {isa = PBXFileReference; lastKnownFileType = file.playground; path = 1_DictionariesInSwift.playground; sourceTree = "<group>"; xcLanguageSpecificationIdentifier = xcode.lang.swift; };
		099BAB7C25FE1D9600937AE6 /* 2_ModifyingADictionary.playground */ = {isa = PBXFileReference; lastKnownFileType = file.playground; path = 2_ModifyingADictionary.playground; sourceTree = "<group>"; xcLanguageSpecificationIdentifier = xcode.lang.swift; };
		099BAB7E25FE22DB00937AE6 /* 3_DealingWithNonExistentData.playground */ = {isa = PBXFileReference; lastKnownFileType = file.playground; path = 3_DealingWithNonExistentData.playground; sourceTree = "<group>"; xcLanguageSpecificationIdentifier = xcode.lang.swift; };
		099BAB8125FE249F00937AE6 /* 1_ForInLoop.playground */ = {isa = PBXFileReference; lastKnownFileType = file.playground; path = 1_ForInLoop.playground; sourceTree = "<group>"; xcLanguageSpecificationIdentifier = xcode.lang.swift; };
		09A3568825D6800E0006EFE0 /* 2_SwiftStandardLibraryProtocols.playground */ = {isa = PBXFileReference; lastKnownFileType = file.playground; path = 2_SwiftStandardLibraryProtocols.playground; sourceTree = "<group>"; xcLanguageSpecificationIdentifier = xcode.lang.swift; };
		09A9F10B25D7C40000A34F63 /* 3_ProtocolOrientedProgramming_Part2.playground */ = {isa = PBXFileReference; lastKnownFileType = file.playground; path = 3_ProtocolOrientedProgramming_Part2.playground; sourceTree = "<group>"; xcLanguageSpecificationIdentifier = xcode.lang.swift; };
		09A9F10F25D7DAC300A34F63 /* 4_Recap.playground */ = {isa = PBXFileReference; lastKnownFileType = file.playground; path = 4_Recap.playground; sourceTree = "<group>"; xcLanguageSpecificationIdentifier = xcode.lang.swift; };
		09B1BDCF2604A833001ABDF7 /* 2_ValueAndReferenceTypes.playground */ = {isa = PBXFileReference; lastKnownFileType = file.playground; path = 2_ValueAndReferenceTypes.playground; sourceTree = "<group>"; xcLanguageSpecificationIdentifier = xcode.lang.swift; };
		09B8864225880515009C81D0 /* 3_OptionalBinding.playground */ = {isa = PBXFileReference; lastKnownFileType = file.playground; path = 3_OptionalBinding.playground; sourceTree = "<group>"; xcLanguageSpecificationIdentifier = xcode.lang.swift; };
		09B886442588AB01009C81D0 /* 4_DownsidesToUsingIfLet.playground */ = {isa = PBXFileReference; lastKnownFileType = file.playground; path = 4_DownsidesToUsingIfLet.playground; sourceTree = "<group>"; xcLanguageSpecificationIdentifier = xcode.lang.swift; };
		09B8DCCA26009BAA00AA209C /* 2_InstancesOfObjects.playground */ = {isa = PBXFileReference; lastKnownFileType = file.playground; path = 2_InstancesOfObjects.playground; sourceTree = "<group>"; xcLanguageSpecificationIdentifier = xcode.lang.swift; };
		09B8DCCC26009F8100AA209C /* 3_Methods.playground */ = {isa = PBXFileReference; lastKnownFileType = file.playground; path = 3_Methods.playground; sourceTree = "<group>"; xcLanguageSpecificationIdentifier = xcode.lang.swift; };
		09B8DCCE2600BC6D00AA209C /* 4_InstanceMethods.playground */ = {isa = PBXFileReference; lastKnownFileType = file.playground; path = 4_InstanceMethods.playground; sourceTree = "<group>"; xcLanguageSpecificationIdentifier = xcode.lang.swift; };
		09B8DCD02600E39F00AA209C /* 5_InitializersAndSelf.playground */ = {isa = PBXFileReference; lastKnownFileType = file.playground; path = 5_InitializersAndSelf.playground; sourceTree = "<group>"; xcLanguageSpecificationIdentifier = xcode.lang.swift; };
		09B8DCD32600E71400AA209C /* 1_IntroductionToClasses.playground */ = {isa = PBXFileReference; lastKnownFileType = file.playground; path = 1_IntroductionToClasses.playground; sourceTree = "<group>"; xcLanguageSpecificationIdentifier = xcode.lang.swift; };
		09B981AB25FCF0430065057E /* 1_Arrays.playground */ = {isa = PBXFileReference; lastKnownFileType = file.playground; path = 1_Arrays.playground; sourceTree = "<group>"; xcLanguageSpecificationIdentifier = xcode.lang.swift; };
		09BB368225D51FAA007CD8A2 /* 2_CreatingAProtocol.playground */ = {isa = PBXFileReference; lastKnownFileType = file.playground; path = 2_CreatingAProtocol.playground; sourceTree = "<group>"; xcLanguageSpecificationIdentifier = xcode.lang.swift; };
		09BB368425D52B20007CD8A2 /* 3_WhyAreProtocolsUseful.playground */ = {isa = PBXFileReference; lastKnownFileType = file.playground; path = 3_WhyAreProtocolsUseful.playground; sourceTree = "<group>"; xcLanguageSpecificationIdentifier = xcode.lang.swift; };
		09BB368625D53A57007CD8A2 /* 4_ModelingBehaviorWithProtocols.playground */ = {isa = PBXFileReference; lastKnownFileType = file.playground; path = 4_ModelingBehaviorWithProtocols.playground; sourceTree = "<group>"; xcLanguageSpecificationIdentifier = xcode.lang.swift; };
		09BB368825D5443F007CD8A2 /* 5_ProtocolsAsTypes.playground */ = {isa = PBXFileReference; lastKnownFileType = file.playground; path = 5_ProtocolsAsTypes.playground; sourceTree = "<group>"; xcLanguageSpecificationIdentifier = xcode.lang.swift; };
		09CCE73E259CE067004FED69 /* 1_WhatIsAFunction.playground */ = {isa = PBXFileReference; lastKnownFileType = file.playground; path = 1_WhatIsAFunction.playground; sourceTree = "<group>"; xcLanguageSpecificationIdentifier = xcode.lang.swift; };
		09CCE741259CE34A004FED69 /* 2_FunctionsInCode.playground */ = {isa = PBXFileReference; lastKnownFileType = file.playground; path = 2_FunctionsInCode.playground; sourceTree = "<group>"; xcLanguageSpecificationIdentifier = xcode.lang.swift; };
		09CCE743259CE50B004FED69 /* 3_FunctionParameters.playground */ = {isa = PBXFileReference; lastKnownFileType = file.playground; path = 3_FunctionParameters.playground; sourceTree = "<group>"; xcLanguageSpecificationIdentifier = xcode.lang.swift; };
		09CCE745259CE7EB004FED69 /* 4_ReturnTypes.playground */ = {isa = PBXFileReference; lastKnownFileType = file.playground; path = 4_ReturnTypes.playground; sourceTree = "<group>"; xcLanguageSpecificationIdentifier = xcode.lang.swift; };
		09CCE748259DBE3C004FED69 /* 1_NamingConventions.playground */ = {isa = PBXFileReference; lastKnownFileType = file.playground; path = 1_NamingConventions.playground; sourceTree = "<group>"; xcLanguageSpecificationIdentifier = xcode.lang.swift; };
		09CCE74A259DC3D4004FED69 /* 2_ArgumentLabels.playground */ = {isa = PBXFileReference; lastKnownFileType = file.playground; path = 2_ArgumentLabels.playground; sourceTree = "<group>"; xcLanguageSpecificationIdentifier = xcode.lang.swift; };
		09CCE74C259DC782004FED69 /* 3_DefaultValues.playground */ = {isa = PBXFileReference; lastKnownFileType = file.playground; path = 3_DefaultValues.playground; sourceTree = "<group>"; xcLanguageSpecificationIdentifier = xcode.lang.swift; };
		09CCE74E259DCCF0004FED69 /* 4_ReturningComplexValues.playground */ = {isa = PBXFileReference; lastKnownFileType = file.playground; path = 4_ReturningComplexValues.playground; sourceTree = "<group>"; xcLanguageSpecificationIdentifier = xcode.lang.swift; };
		09CCE750259DD483004FED69 /* 5_FunctionScope.playground */ = {isa = PBXFileReference; lastKnownFileType = file.playground; path = 5_FunctionScope.playground; sourceTree = "<group>"; xcLanguageSpecificationIdentifier = xcode.lang.swift; };
		09D2295C25A515C100475377 /* 1_WhatIsSwift.playground */ = {isa = PBXFileReference; lastKnownFileType = file.playground; path = 1_WhatIsSwift.playground; sourceTree = "<group>"; xcLanguageSpecificationIdentifier = xcode.lang.swift; };
		09D2295E25A517A000475377 /* 2_IntroToXCode.playground */ = {isa = PBXFileReference; lastKnownFileType = file.playground; path = 2_IntroToXCode.playground; sourceTree = "<group>"; xcLanguageSpecificationIdentifier = xcode.lang.swift; };
		09D2296025A5187D00475377 /* 3_Variables.playground */ = {isa = PBXFileReference; lastKnownFileType = file.playground; path = 3_Variables.playground; sourceTree = "<group>"; xcLanguageSpecificationIdentifier = xcode.lang.swift; };
		09D2296325A51A4A00475377 /* 4_Constants.playground */ = {isa = PBXFileReference; lastKnownFileType = file.playground; path = 4_Constants.playground; sourceTree = "<group>"; xcLanguageSpecificationIdentifier = xcode.lang.swift; };
		09D2296525A51B0F00475377 /* 5_ConventionsAndRules.playground */ = {isa = PBXFileReference; lastKnownFileType = file.playground; path = 5_ConventionsAndRules.playground; sourceTree = "<group>"; xcLanguageSpecificationIdentifier = xcode.lang.swift; };
		09D4A56725D690E1001848EE /* 3_ProtocolOrientedProgramming_Part1.playground */ = {isa = PBXFileReference; lastKnownFileType = file.playground; path = 3_ProtocolOrientedProgramming_Part1.playground; sourceTree = "<group>"; xcLanguageSpecificationIdentifier = xcode.lang.swift; };
		09EBCB0C25861623008C2AEC /* SwiftForBeginners.app */ = {isa = PBXFileReference; explicitFileType = wrapper.application; includeInIndex = 0; path = SwiftForBeginners.app; sourceTree = BUILT_PRODUCTS_DIR; };
		09EBCB0F25861623008C2AEC /* SwiftForBeginnersApp.swift */ = {isa = PBXFileReference; lastKnownFileType = sourcecode.swift; path = SwiftForBeginnersApp.swift; sourceTree = "<group>"; };
		09EBCB1125861623008C2AEC /* ContentView.swift */ = {isa = PBXFileReference; lastKnownFileType = sourcecode.swift; path = ContentView.swift; sourceTree = "<group>"; };
		09EBCB1325861627008C2AEC /* Assets.xcassets */ = {isa = PBXFileReference; lastKnownFileType = folder.assetcatalog; path = Assets.xcassets; sourceTree = "<group>"; };
		09EBCB1625861627008C2AEC /* Preview Assets.xcassets */ = {isa = PBXFileReference; lastKnownFileType = folder.assetcatalog; path = "Preview Assets.xcassets"; sourceTree = "<group>"; };
		09EBCB1825861627008C2AEC /* Info.plist */ = {isa = PBXFileReference; lastKnownFileType = text.plist.xml; path = Info.plist; sourceTree = "<group>"; };
		09EBCB222586184F008C2AEC /* 1_TheProblemWithPrimitives.playground */ = {isa = PBXFileReference; lastKnownFileType = file.playground; path = 1_TheProblemWithPrimitives.playground; sourceTree = "<group>"; xcLanguageSpecificationIdentifier = xcode.lang.swift; };
		09EBCB2425862178008C2AEC /* 2_ModellingFiniteData.playground */ = {isa = PBXFileReference; lastKnownFileType = file.playground; path = 2_ModellingFiniteData.playground; sourceTree = "<group>"; xcLanguageSpecificationIdentifier = xcode.lang.swift; };
		09EBCB26258626C2008C2AEC /* 3_GettingRidOfStrings.playground */ = {isa = PBXFileReference; lastKnownFileType = file.playground; path = 3_GettingRidOfStrings.playground; sourceTree = "<group>"; xcLanguageSpecificationIdentifier = xcode.lang.swift; };
/* End PBXFileReference section */

/* Begin PBXFrameworksBuildPhase section */
		09EBCB0925861622008C2AEC /* Frameworks */ = {
			isa = PBXFrameworksBuildPhase;
			buildActionMask = 2147483647;
			files = (
			);
			runOnlyForDeploymentPostprocessing = 0;
		};
/* End PBXFrameworksBuildPhase section */

/* Begin PBXGroup section */
		090406CC25D586CA0089DB3A /* CHAPTER2_CreatingFlexibleObjectsUsingProtocols */ = {
			isa = PBXGroup;
			children = (
				090406CD25D587010089DB3A /* 1_ProtocolInheritance.playground */,
				09A3568825D6800E0006EFE0 /* 2_SwiftStandardLibraryProtocols.playground */,
				09D4A56725D690E1001848EE /* 3_ProtocolOrientedProgramming_Part1.playground */,
				09A9F10B25D7C40000A34F63 /* 3_ProtocolOrientedProgramming_Part2.playground */,
				09A9F10F25D7DAC300A34F63 /* 4_Recap.playground */,
			);
			path = CHAPTER2_CreatingFlexibleObjectsUsingProtocols;
			sourceTree = "<group>";
		};
		090505E2258FEE0000DA6F8E /* CHAPTER1_ErrorHandling */ = {
			isa = PBXGroup;
			children = (
				0934D683258F6C4700302C9C /* 1_ErrorHandling.playground */,
				090505E5258FEE6300DA6F8E /* 2_ModellingErrors.playground */,
				090505E72590ABEA00DA6F8E /* 3_ThrowingErrors.playground */,
				090505E92590F83400DA6F8E /* 4_HandlingErrors.playground */,
				090505EB259107A600DA6F8E /* 5_CleaningUpWithDefer.playground */,
			);
			path = CHAPTER1_ErrorHandling;
			sourceTree = "<group>";
		};
		09064402260217AB00EE4E82 /* CHAPTER3_ClassInheritance */ = {
			isa = PBXGroup;
			children = (
				09064403260217D700EE4E82 /* 1_Inheritance.playground */,
				098128F626034585006D68C4 /* 2_OverridingProperties.playground */,
				098128F826036238006D68C4 /* 3_OverridingMethods.playground */,
			);
			path = CHAPTER3_ClassInheritance;
			sourceTree = "<group>";
		};
		0913620325D51BFE00D91F9A /* COURSE7_Protocols */ = {
			isa = PBXGroup;
			children = (
				09BB367E25D51F53007CD8A2 /* CHAPTER1_ProtocolBasics */,
				090406CC25D586CA0089DB3A /* CHAPTER2_CreatingFlexibleObjectsUsingProtocols */,
			);
			path = COURSE7_Protocols;
			sourceTree = "<group>";
		};
		0934D681258F6B7A00302C9C /* COURSE8_ErrorHandling */ = {
			isa = PBXGroup;
			children = (
				090505E2258FEE0000DA6F8E /* CHAPTER1_ErrorHandling */,
			);
			path = COURSE8_ErrorHandling;
			sourceTree = "<group>";
		};
		0945E23B25A7A1F900127166 /* CHAPTER2_SwiftTypes */ = {
			isa = PBXGroup;
			children = (
				0945E23C25A7A24200127166 /* 1_Strings.playground */,
				0945E23F25A7A86F00127166 /* 2_NumbersAndBooleans.playground */,
				0945E24125A7AD0700127166 /* 3_TypeSafetyAndTypeInference.playground */,
			);
			path = CHAPTER2_SwiftTypes;
			sourceTree = "<group>";
		};
		0945E24325A7AE9E00127166 /* CHAPTER3_SwiftOperators */ = {
			isa = PBXGroup;
			children = (
				0945E24425A7AEE200127166 /* 1_ArithmeticOperators.playground */,
				0945E24625A7B1CA00127166 /* 2_AssignmentAndComparison.playground */,
				0945E24825A7B3B200127166 /* 3_OperatorPrecedence.playground */,
				0945E24B25A7B5F700127166 /* 4_UnaryOperators.playground */,
			);
			path = CHAPTER3_SwiftOperators;
			sourceTree = "<group>";
		};
		095CE157258BD66200F9DC22 /* CHAPTER3_ObjectsAndOptionals */ = {
			isa = PBXGroup;
			children = (
				095CE15B258BD6FD00F9DC22 /* 1_EnumerationsWithRawValues.playground */,
				0934D677258D5A8A00302C9C /* 2_InitializingWithRawValues.playground */,
				0934D67B258E002300302C9C /* 3_OptionalChaining.playground */,
				0934D67D258E2CEE00302C9C /* 4_PatternMatchingWithEnums.playground */,
				0934D67F258E369D00302C9C /* 5_NilCoalescingOperator.playground */,
			);
			path = CHAPTER3_ObjectsAndOptionals;
			sourceTree = "<group>";
		};
		0967129F25FFD75700E576E0 /* COURSE4_ObjectOrientedSwift */ = {
			isa = PBXGroup;
			children = (
				096712A025FFD77B00E576E0 /* CHAPTER1_ComplexDataStructures */,
				09B8DCD22600E6E100AA209C /* CHAPTER2_Classes */,
				09064402260217AB00EE4E82 /* CHAPTER3_ClassInheritance */,
				098128FA26036D15006D68C4 /* CHAPTER4_DifferentiatingBetweenObjects */,
			);
			path = COURSE4_ObjectOrientedSwift;
			sourceTree = "<group>";
		};
		096712A025FFD77B00E576E0 /* CHAPTER1_ComplexDataStructures */ = {
			isa = PBXGroup;
			children = (
				096712A125FFD7A200E576E0 /* 1_IntroductionToStructs.playground */,
				09B8DCCA26009BAA00AA209C /* 2_InstancesOfObjects.playground */,
				09B8DCCC26009F8100AA209C /* 3_Methods.playground */,
				09B8DCCE2600BC6D00AA209C /* 4_InstanceMethods.playground */,
				09B8DCD02600E39F00AA209C /* 5_InitializersAndSelf.playground */,
			);
			path = CHAPTER1_ComplexDataStructures;
			sourceTree = "<group>";
		};
		098128FA26036D15006D68C4 /* CHAPTER4_DifferentiatingBetweenObjects */ = {
			isa = PBXGroup;
			children = (
				098128FB26036D76006D68C4 /* 1_StructsVersusClasses.playground */,
				09B1BDCF2604A833001ABDF7 /* 2_ValueAndReferenceTypes.playground */,
			);
			path = CHAPTER4_DifferentiatingBetweenObjects;
			sourceTree = "<group>";
		};
		098A83EC25865284005CA46F /* CHAPTER2_IntroductionToOptionals */ = {
			isa = PBXGroup;
			children = (
				098A83ED258652C3005CA46F /* 1_TheAbsenceOfData.playground */,
				098A83EF2587FDB0005CA46F /* 2_WorkingWithOptionalTypes.playground */,
				09B8864225880515009C81D0 /* 3_OptionalBinding.playground */,
				09B886442588AB01009C81D0 /* 4_DownsidesToUsingIfLet.playground */,
				095CE151258AA98000F9DC22 /* 5_EarlyExitsUsingGuard.playground */,
			);
			path = CHAPTER2_IntroductionToOptionals;
			sourceTree = "<group>";
		};
		099BAB7925FE1A6A00937AE6 /* CHAPTER2_Dictionaries */ = {
			isa = PBXGroup;
			children = (
				099BAB7A25FE1AB500937AE6 /* 1_DictionariesInSwift.playground */,
				099BAB7C25FE1D9600937AE6 /* 2_ModifyingADictionary.playground */,
				099BAB7E25FE22DB00937AE6 /* 3_DealingWithNonExistentData.playground */,
			);
			path = CHAPTER2_Dictionaries;
			sourceTree = "<group>";
		};
		099BAB8025FE246E00937AE6 /* CHAPTER3_ControlFlowWithLoops */ = {
			isa = PBXGroup;
			children = (
				099BAB8125FE249F00937AE6 /* 1_ForInLoop.playground */,
			);
			path = CHAPTER3_ControlFlowWithLoops;
			sourceTree = "<group>";
		};
		09B8DCD22600E6E100AA209C /* CHAPTER2_Classes */ = {
			isa = PBXGroup;
			children = (
				09B8DCD32600E71400AA209C /* 1_IntroductionToClasses.playground */,
				090643FC2601F68B00EE4E82 /* 2_BuildingATower.playground */,
				090643FE2601FD7100EE4E82 /* 3_HelperMethods.playground */,
				090644002602127400EE4E82 /* 4_HighLevelOverview.playground */,
			);
			path = CHAPTER2_Classes;
			sourceTree = "<group>";
		};
		09B981A925FCE55A0065057E /* COURSE2_SwiftCollectionsAndControlFlow */ = {
			isa = PBXGroup;
			children = (
				09B981AA25FCE5850065057E /* CHAPTER1_IntroductionToCollections */,
				099BAB7925FE1A6A00937AE6 /* CHAPTER2_Dictionaries */,
				099BAB8025FE246E00937AE6 /* CHAPTER3_ControlFlowWithLoops */,
			);
			path = COURSE2_SwiftCollectionsAndControlFlow;
			sourceTree = "<group>";
		};
		09B981AA25FCE5850065057E /* CHAPTER1_IntroductionToCollections */ = {
			isa = PBXGroup;
			children = (
				09B981AB25FCF0430065057E /* 1_Arrays.playground */,
				099BAB7325FE0B8C00937AE6 /* 2_AddingItemsToArrays.playground */,
				099BAB7525FE0F4500937AE6 /* 3_ReadingAndModifyingAnArray.playground */,
				099BAB7725FE111800937AE6 /* 4_InsertingAndDeletingValues.playground */,
			);
			path = CHAPTER1_IntroductionToCollections;
			sourceTree = "<group>";
		};
		09BB367E25D51F53007CD8A2 /* CHAPTER1_ProtocolBasics */ = {
			isa = PBXGroup;
			children = (
				0913620425D51C3200D91F9A /* 1_WhatIsAProtocol.playground */,
				09BB368225D51FAA007CD8A2 /* 2_CreatingAProtocol.playground */,
				09BB368425D52B20007CD8A2 /* 3_WhyAreProtocolsUseful.playground */,
				09BB368625D53A57007CD8A2 /* 4_ModelingBehaviorWithProtocols.playground */,
				09BB368825D5443F007CD8A2 /* 5_ProtocolsAsTypes.playground */,
			);
			path = CHAPTER1_ProtocolBasics;
			sourceTree = "<group>";
		};
		09CCE73C259CDFF3004FED69 /* COURSE3_Functions */ = {
			isa = PBXGroup;
			children = (
				09CCE73D259CE038004FED69 /* CHAPTER1_FunctionsInSwift */,
				09CCE747259CEB4C004FED69 /* CHAPTER2_AddingPowerToFunctions */,
			);
			path = COURSE3_Functions;
			sourceTree = "<group>";
		};
		09CCE73D259CE038004FED69 /* CHAPTER1_FunctionsInSwift */ = {
			isa = PBXGroup;
			children = (
				09CCE73E259CE067004FED69 /* 1_WhatIsAFunction.playground */,
				09CCE741259CE34A004FED69 /* 2_FunctionsInCode.playground */,
				09CCE743259CE50B004FED69 /* 3_FunctionParameters.playground */,
				09CCE745259CE7EB004FED69 /* 4_ReturnTypes.playground */,
			);
			path = CHAPTER1_FunctionsInSwift;
			sourceTree = "<group>";
		};
		09CCE747259CEB4C004FED69 /* CHAPTER2_AddingPowerToFunctions */ = {
			isa = PBXGroup;
			children = (
				09CCE748259DBE3C004FED69 /* 1_NamingConventions.playground */,
				09CCE74A259DC3D4004FED69 /* 2_ArgumentLabels.playground */,
				09CCE74C259DC782004FED69 /* 3_DefaultValues.playground */,
				09CCE74E259DCCF0004FED69 /* 4_ReturningComplexValues.playground */,
				09CCE750259DD483004FED69 /* 5_FunctionScope.playground */,
			);
			path = CHAPTER2_AddingPowerToFunctions;
			sourceTree = "<group>";
		};
		09D2295A25A5155800475377 /* COURSE1_SwiftBasics */ = {
			isa = PBXGroup;
			children = (
				09D2295B25A5157400475377 /* CHAPTER1_IntroToSwiftProgramming */,
				0945E23B25A7A1F900127166 /* CHAPTER2_SwiftTypes */,
				0945E24325A7AE9E00127166 /* CHAPTER3_SwiftOperators */,
			);
			path = COURSE1_SwiftBasics;
			sourceTree = "<group>";
		};
		09D2295B25A5157400475377 /* CHAPTER1_IntroToSwiftProgramming */ = {
			isa = PBXGroup;
			children = (
				09D2295C25A515C100475377 /* 1_WhatIsSwift.playground */,
				09D2295E25A517A000475377 /* 2_IntroToXCode.playground */,
				09D2296025A5187D00475377 /* 3_Variables.playground */,
				09D2296325A51A4A00475377 /* 4_Constants.playground */,
				09D2296525A51B0F00475377 /* 5_ConventionsAndRules.playground */,
			);
			path = CHAPTER1_IntroToSwiftProgramming;
			sourceTree = "<group>";
		};
		09EBCB0325861622008C2AEC = {
			isa = PBXGroup;
			children = (
				09EBCB0E25861623008C2AEC /* SwiftForBeginners */,
				09EBCB0D25861623008C2AEC /* Products */,
			);
			sourceTree = "<group>";
		};
		09EBCB0D25861623008C2AEC /* Products */ = {
			isa = PBXGroup;
			children = (
				09EBCB0C25861623008C2AEC /* SwiftForBeginners.app */,
			);
			name = Products;
			sourceTree = "<group>";
		};
		09EBCB0E25861623008C2AEC /* SwiftForBeginners */ = {
			isa = PBXGroup;
			children = (
				09EBCB1F25861649008C2AEC /* Playgrounds */,
				09EBCB0F25861623008C2AEC /* SwiftForBeginnersApp.swift */,
				09EBCB1125861623008C2AEC /* ContentView.swift */,
				09EBCB1325861627008C2AEC /* Assets.xcassets */,
				09EBCB1825861627008C2AEC /* Info.plist */,
				09EBCB1525861627008C2AEC /* Preview Content */,
			);
			path = SwiftForBeginners;
			sourceTree = "<group>";
		};
		09EBCB1525861627008C2AEC /* Preview Content */ = {
			isa = PBXGroup;
			children = (
				09EBCB1625861627008C2AEC /* Preview Assets.xcassets */,
			);
			path = "Preview Content";
			sourceTree = "<group>";
		};
		09EBCB1F25861649008C2AEC /* Playgrounds */ = {
			isa = PBXGroup;
			children = (
				09D2295A25A5155800475377 /* COURSE1_SwiftBasics */,
				09B981A925FCE55A0065057E /* COURSE2_SwiftCollectionsAndControlFlow */,
				09CCE73C259CDFF3004FED69 /* COURSE3_Functions */,
				0967129F25FFD75700E576E0 /* COURSE4_ObjectOrientedSwift */,
				09EBCB20258617B7008C2AEC /* COURSE6_EnumerationsAndOptionals */,
				0913620325D51BFE00D91F9A /* COURSE7_Protocols */,
				0934D681258F6B7A00302C9C /* COURSE8_ErrorHandling */,
			);
			path = Playgrounds;
			sourceTree = "<group>";
		};
		09EBCB20258617B7008C2AEC /* COURSE6_EnumerationsAndOptionals */ = {
			isa = PBXGroup;
			children = (
				09EBCB2125861811008C2AEC /* CHAPTER1_IntroductionToEnumerations */,
				098A83EC25865284005CA46F /* CHAPTER2_IntroductionToOptionals */,
				095CE157258BD66200F9DC22 /* CHAPTER3_ObjectsAndOptionals */,
			);
			path = COURSE6_EnumerationsAndOptionals;
			sourceTree = "<group>";
		};
		09EBCB2125861811008C2AEC /* CHAPTER1_IntroductionToEnumerations */ = {
			isa = PBXGroup;
			children = (
				09EBCB222586184F008C2AEC /* 1_TheProblemWithPrimitives.playground */,
				09EBCB2425862178008C2AEC /* 2_ModellingFiniteData.playground */,
				09EBCB26258626C2008C2AEC /* 3_GettingRidOfStrings.playground */,
				098A83E225864390005CA46F /* 4_AssociatedEnums.playground */,
				098A83E5258646DF005CA46F /* 5_MethodsOnEnumerations.playground */,
			);
			path = CHAPTER1_IntroductionToEnumerations;
			sourceTree = "<group>";
		};
/* End PBXGroup section */

/* Begin PBXNativeTarget section */
		09EBCB0B25861622008C2AEC /* SwiftForBeginners */ = {
			isa = PBXNativeTarget;
			buildConfigurationList = 09EBCB1B25861627008C2AEC /* Build configuration list for PBXNativeTarget "SwiftForBeginners" */;
			buildPhases = (
				09EBCB0825861622008C2AEC /* Sources */,
				09EBCB0925861622008C2AEC /* Frameworks */,
				09EBCB0A25861622008C2AEC /* Resources */,
			);
			buildRules = (
			);
			dependencies = (
			);
			name = SwiftForBeginners;
			productName = SwiftForBeginners;
			productReference = 09EBCB0C25861623008C2AEC /* SwiftForBeginners.app */;
			productType = "com.apple.product-type.application";
		};
/* End PBXNativeTarget section */

/* Begin PBXProject section */
		09EBCB0425861622008C2AEC /* Project object */ = {
			isa = PBXProject;
			attributes = {
				LastSwiftUpdateCheck = 1220;
				LastUpgradeCheck = 1220;
				TargetAttributes = {
					09EBCB0B25861622008C2AEC = {
						CreatedOnToolsVersion = 12.2;
					};
				};
			};
			buildConfigurationList = 09EBCB0725861622008C2AEC /* Build configuration list for PBXProject "SwiftForBeginners" */;
			compatibilityVersion = "Xcode 9.3";
			developmentRegion = en;
			hasScannedForEncodings = 0;
			knownRegions = (
				en,
				Base,
			);
			mainGroup = 09EBCB0325861622008C2AEC;
			productRefGroup = 09EBCB0D25861623008C2AEC /* Products */;
			projectDirPath = "";
			projectRoot = "";
			targets = (
				09EBCB0B25861622008C2AEC /* SwiftForBeginners */,
			);
		};
/* End PBXProject section */

/* Begin PBXResourcesBuildPhase section */
		09EBCB0A25861622008C2AEC /* Resources */ = {
			isa = PBXResourcesBuildPhase;
			buildActionMask = 2147483647;
			files = (
				09EBCB1725861627008C2AEC /* Preview Assets.xcassets in Resources */,
				09EBCB1425861627008C2AEC /* Assets.xcassets in Resources */,
			);
			runOnlyForDeploymentPostprocessing = 0;
		};
/* End PBXResourcesBuildPhase section */

/* Begin PBXSourcesBuildPhase section */
		09EBCB0825861622008C2AEC /* Sources */ = {
			isa = PBXSourcesBuildPhase;
			buildActionMask = 2147483647;
			files = (
				09EBCB1225861623008C2AEC /* ContentView.swift in Sources */,
				09EBCB1025861623008C2AEC /* SwiftForBeginnersApp.swift in Sources */,
			);
			runOnlyForDeploymentPostprocessing = 0;
		};
/* End PBXSourcesBuildPhase section */

/* Begin XCBuildConfiguration section */
		09EBCB1925861627008C2AEC /* Debug */ = {
			isa = XCBuildConfiguration;
			buildSettings = {
				ALWAYS_SEARCH_USER_PATHS = NO;
				CLANG_ANALYZER_NONNULL = YES;
				CLANG_ANALYZER_NUMBER_OBJECT_CONVERSION = YES_AGGRESSIVE;
				CLANG_CXX_LANGUAGE_STANDARD = "gnu++14";
				CLANG_CXX_LIBRARY = "libc++";
				CLANG_ENABLE_MODULES = YES;
				CLANG_ENABLE_OBJC_ARC = YES;
				CLANG_ENABLE_OBJC_WEAK = YES;
				CLANG_WARN_BLOCK_CAPTURE_AUTORELEASING = YES;
				CLANG_WARN_BOOL_CONVERSION = YES;
				CLANG_WARN_COMMA = YES;
				CLANG_WARN_CONSTANT_CONVERSION = YES;
				CLANG_WARN_DEPRECATED_OBJC_IMPLEMENTATIONS = YES;
				CLANG_WARN_DIRECT_OBJC_ISA_USAGE = YES_ERROR;
				CLANG_WARN_DOCUMENTATION_COMMENTS = YES;
				CLANG_WARN_EMPTY_BODY = YES;
				CLANG_WARN_ENUM_CONVERSION = YES;
				CLANG_WARN_INFINITE_RECURSION = YES;
				CLANG_WARN_INT_CONVERSION = YES;
				CLANG_WARN_NON_LITERAL_NULL_CONVERSION = YES;
				CLANG_WARN_OBJC_IMPLICIT_RETAIN_SELF = YES;
				CLANG_WARN_OBJC_LITERAL_CONVERSION = YES;
				CLANG_WARN_OBJC_ROOT_CLASS = YES_ERROR;
				CLANG_WARN_QUOTED_INCLUDE_IN_FRAMEWORK_HEADER = YES;
				CLANG_WARN_RANGE_LOOP_ANALYSIS = YES;
				CLANG_WARN_STRICT_PROTOTYPES = YES;
				CLANG_WARN_SUSPICIOUS_MOVE = YES;
				CLANG_WARN_UNGUARDED_AVAILABILITY = YES_AGGRESSIVE;
				CLANG_WARN_UNREACHABLE_CODE = YES;
				CLANG_WARN__DUPLICATE_METHOD_MATCH = YES;
				COPY_PHASE_STRIP = NO;
				DEBUG_INFORMATION_FORMAT = dwarf;
				ENABLE_STRICT_OBJC_MSGSEND = YES;
				ENABLE_TESTABILITY = YES;
				GCC_C_LANGUAGE_STANDARD = gnu11;
				GCC_DYNAMIC_NO_PIC = NO;
				GCC_NO_COMMON_BLOCKS = YES;
				GCC_OPTIMIZATION_LEVEL = 0;
				GCC_PREPROCESSOR_DEFINITIONS = (
					"DEBUG=1",
					"$(inherited)",
				);
				GCC_WARN_64_TO_32_BIT_CONVERSION = YES;
				GCC_WARN_ABOUT_RETURN_TYPE = YES_ERROR;
				GCC_WARN_UNDECLARED_SELECTOR = YES;
				GCC_WARN_UNINITIALIZED_AUTOS = YES_AGGRESSIVE;
				GCC_WARN_UNUSED_FUNCTION = YES;
				GCC_WARN_UNUSED_VARIABLE = YES;
				IPHONEOS_DEPLOYMENT_TARGET = 14.2;
				MTL_ENABLE_DEBUG_INFO = INCLUDE_SOURCE;
				MTL_FAST_MATH = YES;
				ONLY_ACTIVE_ARCH = YES;
				SDKROOT = iphoneos;
				SWIFT_ACTIVE_COMPILATION_CONDITIONS = DEBUG;
				SWIFT_OPTIMIZATION_LEVEL = "-Onone";
			};
			name = Debug;
		};
		09EBCB1A25861627008C2AEC /* Release */ = {
			isa = XCBuildConfiguration;
			buildSettings = {
				ALWAYS_SEARCH_USER_PATHS = NO;
				CLANG_ANALYZER_NONNULL = YES;
				CLANG_ANALYZER_NUMBER_OBJECT_CONVERSION = YES_AGGRESSIVE;
				CLANG_CXX_LANGUAGE_STANDARD = "gnu++14";
				CLANG_CXX_LIBRARY = "libc++";
				CLANG_ENABLE_MODULES = YES;
				CLANG_ENABLE_OBJC_ARC = YES;
				CLANG_ENABLE_OBJC_WEAK = YES;
				CLANG_WARN_BLOCK_CAPTURE_AUTORELEASING = YES;
				CLANG_WARN_BOOL_CONVERSION = YES;
				CLANG_WARN_COMMA = YES;
				CLANG_WARN_CONSTANT_CONVERSION = YES;
				CLANG_WARN_DEPRECATED_OBJC_IMPLEMENTATIONS = YES;
				CLANG_WARN_DIRECT_OBJC_ISA_USAGE = YES_ERROR;
				CLANG_WARN_DOCUMENTATION_COMMENTS = YES;
				CLANG_WARN_EMPTY_BODY = YES;
				CLANG_WARN_ENUM_CONVERSION = YES;
				CLANG_WARN_INFINITE_RECURSION = YES;
				CLANG_WARN_INT_CONVERSION = YES;
				CLANG_WARN_NON_LITERAL_NULL_CONVERSION = YES;
				CLANG_WARN_OBJC_IMPLICIT_RETAIN_SELF = YES;
				CLANG_WARN_OBJC_LITERAL_CONVERSION = YES;
				CLANG_WARN_OBJC_ROOT_CLASS = YES_ERROR;
				CLANG_WARN_QUOTED_INCLUDE_IN_FRAMEWORK_HEADER = YES;
				CLANG_WARN_RANGE_LOOP_ANALYSIS = YES;
				CLANG_WARN_STRICT_PROTOTYPES = YES;
				CLANG_WARN_SUSPICIOUS_MOVE = YES;
				CLANG_WARN_UNGUARDED_AVAILABILITY = YES_AGGRESSIVE;
				CLANG_WARN_UNREACHABLE_CODE = YES;
				CLANG_WARN__DUPLICATE_METHOD_MATCH = YES;
				COPY_PHASE_STRIP = NO;
				DEBUG_INFORMATION_FORMAT = "dwarf-with-dsym";
				ENABLE_NS_ASSERTIONS = NO;
				ENABLE_STRICT_OBJC_MSGSEND = YES;
				GCC_C_LANGUAGE_STANDARD = gnu11;
				GCC_NO_COMMON_BLOCKS = YES;
				GCC_WARN_64_TO_32_BIT_CONVERSION = YES;
				GCC_WARN_ABOUT_RETURN_TYPE = YES_ERROR;
				GCC_WARN_UNDECLARED_SELECTOR = YES;
				GCC_WARN_UNINITIALIZED_AUTOS = YES_AGGRESSIVE;
				GCC_WARN_UNUSED_FUNCTION = YES;
				GCC_WARN_UNUSED_VARIABLE = YES;
				IPHONEOS_DEPLOYMENT_TARGET = 14.2;
				MTL_ENABLE_DEBUG_INFO = NO;
				MTL_FAST_MATH = YES;
				SDKROOT = iphoneos;
				SWIFT_COMPILATION_MODE = wholemodule;
				SWIFT_OPTIMIZATION_LEVEL = "-O";
				VALIDATE_PRODUCT = YES;
			};
			name = Release;
		};
		09EBCB1C25861627008C2AEC /* Debug */ = {
			isa = XCBuildConfiguration;
			buildSettings = {
				ASSETCATALOG_COMPILER_APPICON_NAME = AppIcon;
				ASSETCATALOG_COMPILER_GLOBAL_ACCENT_COLOR_NAME = AccentColor;
				CODE_SIGN_STYLE = Automatic;
				DEVELOPMENT_ASSET_PATHS = "\"SwiftForBeginners/Preview Content\"";
				DEVELOPMENT_TEAM = PKTBX2CYQK;
				ENABLE_PREVIEWS = YES;
				INFOPLIST_FILE = SwiftForBeginners/Info.plist;
				IPHONEOS_DEPLOYMENT_TARGET = 14.0;
				LD_RUNPATH_SEARCH_PATHS = (
					"$(inherited)",
					"@executable_path/Frameworks",
				);
				PRODUCT_BUNDLE_IDENTIFIER = com.nicefiction.SwiftForBeginners;
				PRODUCT_NAME = "$(TARGET_NAME)";
				SWIFT_VERSION = 5.0;
				TARGETED_DEVICE_FAMILY = "1,2";
			};
			name = Debug;
		};
		09EBCB1D25861627008C2AEC /* Release */ = {
			isa = XCBuildConfiguration;
			buildSettings = {
				ASSETCATALOG_COMPILER_APPICON_NAME = AppIcon;
				ASSETCATALOG_COMPILER_GLOBAL_ACCENT_COLOR_NAME = AccentColor;
				CODE_SIGN_STYLE = Automatic;
				DEVELOPMENT_ASSET_PATHS = "\"SwiftForBeginners/Preview Content\"";
				DEVELOPMENT_TEAM = PKTBX2CYQK;
				ENABLE_PREVIEWS = YES;
				INFOPLIST_FILE = SwiftForBeginners/Info.plist;
				IPHONEOS_DEPLOYMENT_TARGET = 14.0;
				LD_RUNPATH_SEARCH_PATHS = (
					"$(inherited)",
					"@executable_path/Frameworks",
				);
				PRODUCT_BUNDLE_IDENTIFIER = com.nicefiction.SwiftForBeginners;
				PRODUCT_NAME = "$(TARGET_NAME)";
				SWIFT_VERSION = 5.0;
				TARGETED_DEVICE_FAMILY = "1,2";
			};
			name = Release;
		};
/* End XCBuildConfiguration section */

/* Begin XCConfigurationList section */
		09EBCB0725861622008C2AEC /* Build configuration list for PBXProject "SwiftForBeginners" */ = {
			isa = XCConfigurationList;
			buildConfigurations = (
				09EBCB1925861627008C2AEC /* Debug */,
				09EBCB1A25861627008C2AEC /* Release */,
			);
			defaultConfigurationIsVisible = 0;
			defaultConfigurationName = Release;
		};
		09EBCB1B25861627008C2AEC /* Build configuration list for PBXNativeTarget "SwiftForBeginners" */ = {
			isa = XCConfigurationList;
			buildConfigurations = (
				09EBCB1C25861627008C2AEC /* Debug */,
				09EBCB1D25861627008C2AEC /* Release */,
			);
			defaultConfigurationIsVisible = 0;
			defaultConfigurationName = Release;
		};
/* End XCConfigurationList section */
	};
	rootObject = 09EBCB0425861622008C2AEC /* Project object */;
}
